{
  "requires": true,
  "lockfileVersion": 1,
  "dependencies": {
    "@swup/overlay-theme": {
      "version": "1.0.5",
      "resolved": "https://registry.npmjs.org/@swup/overlay-theme/-/overlay-theme-1.0.5.tgz",
      "integrity": "sha512-gYodYbcNOxlrxh2WBwEfAiTAAdo5QBTvOzbHifDfbF4DEBoksJwfWw8n2eXNIYKHrGhRyOzDwNrnACOBBx8dzg==",
      "requires": {
        "@swup/theme": "^1.0.7"
      }
    },
    "@swup/theme": {
      "version": "1.0.7",
      "resolved": "https://registry.npmjs.org/@swup/theme/-/theme-1.0.7.tgz",
      "integrity": "sha512-OINEaf34fYs90l7/YUUKfOf+paY7/FDhOBLwYxrD0w1OjBiItZpw3N+ATA/QklJwmoUu3KkDFOaQG0zT4KxmmA=="
    }
  }
}
